
Microsoft Visual Studio Solution File, Format Version 12.00
# Visual Studio Version 17
VisualStudioVersion = 17.3.32922.545
MinimumVisualStudioVersion = 10.0.40219.1
Project("{9A19103F-16F7-4668-BE54-9A1E7A4F7556}") = "MagicVilla2_WebAPI", "MagicVilla2_WebAPI\MagicVilla2_WebAPI.csproj", "{C23560AB-925B-462D-9972-382C0B958232}"
EndProject
Project("{FAE04EC0-301F-11D3-BF4B-00C04F79EFBC}") = "MagicVilla_Web", "MagicVilla_Web\MagicVilla_Web.csproj", "{8C9758F6-F35D-4DCA-B648-932A29C79702}"
	ProjectSection(ProjectDependencies) = postProject
		{E61CE44F-2961-4F98-8911-1CC70F710B89} = {E61CE44F-2961-4F98-8911-1CC70F710B89}
	EndProjectSection
EndProject
Project("{FAE04EC0-301F-11D3-BF4B-00C04F79EFBC}") = "MagicVilla_Utility", "MagicVilla_Utility\MagicVilla_Utility.csproj", "{E61CE44F-2961-4F98-8911-1CC70F710B89}"
EndProject
Global
	GlobalSection(SolutionConfigurationPlatforms) = preSolution
		Debug|Any CPU = Debug|Any CPU
		Release|Any CPU = Release|Any CPU
	EndGlobalSection
	GlobalSection(ProjectConfigurationPlatforms) = postSolution
		{C23560AB-925B-462D-9972-382C0B958232}.Debug|Any CPU.ActiveCfg = Debug|Any CPU
		{C23560AB-925B-462D-9972-382C0B958232}.Debug|Any CPU.Build.0 = Debug|Any CPU
		{C23560AB-925B-462D-9972-382C0B958232}.Release|Any CPU.ActiveCfg = Release|Any CPU
		{C23560AB-925B-462D-9972-382C0B958232}.Release|Any CPU.Build.0 = Release|Any CPU
		{8C9758F6-F35D-4DCA-B648-932A29C79702}.Debug|Any CPU.ActiveCfg = Debug|Any CPU
		{8C9758F6-F35D-4DCA-B648-932A29C79702}.Debug|Any CPU.Build.0 = Debug|Any CPU
		{8C9758F6-F35D-4DCA-B648-932A29C79702}.Release|Any CPU.ActiveCfg = Release|Any CPU
		{8C9758F6-F35D-4DCA-B648-932A29C79702}.Release|Any CPU.Build.0 = Release|Any CPU
		{E61CE44F-2961-4F98-8911-1CC70F710B89}.Debug|Any CPU.ActiveCfg = Debug|Any CPU
		{E61CE44F-2961-4F98-8911-1CC70F710B89}.Debug|Any CPU.Build.0 = Debug|Any CPU
		{E61CE44F-2961-4F98-8911-1CC70F710B89}.Release|Any CPU.ActiveCfg = Release|Any CPU
		{E61CE44F-2961-4F98-8911-1CC70F710B89}.Release|Any CPU.Build.0 = Release|Any CPU
	EndGlobalSection
	GlobalSection(SolutionProperties) = preSolution
		HideSolutionNode = FALSE
	EndGlobalSection
	GlobalSection(ExtensibilityGlobals) = postSolution
		SolutionGuid = {926404D8-C7A8-4103-AC36-B825EF1ADAB8}
	EndGlobalSection
EndGlobal
